# This file is automatically @generated by Cargo.
# It is not intended for manual editing.
version = 4

[[package]]
name = "adler"
version = "1.0.2"
source = "registry+https://github.com/rust-lang/crates.io-index"
checksum = "f26201604c87b1e01bd3d98f8d5d9a8fcbb815e8cedb41ffccbeb4bf593a35fe"

[[package]]
name = "beryllium"
version = "0.13.3"
source = "registry+https://github.com/rust-lang/crates.io-index"
checksum = "6ee6d43481642e570e0ca4ce19d95e15e1fea4936197eb16bc1f1513837b1f08"
dependencies = [
 "bytemuck",
 "fermium",
 "objc",
 "pixel_formats",
 "zstring",
]

[[package]]
name = "bitfrob"
version = "1.3.2"
source = "registry+https://github.com/rust-lang/crates.io-index"
checksum = "4de3bf9292416bc27b97603d1af580e4253138851ce3898f878807b898e90d2d"

[[package]]
name = "bool32"
version = "0.1.1"
source = "registry+https://github.com/rust-lang/crates.io-index"
checksum = "e8459737325e57ad10b38dc1af42f9228005dd6a3e9f43bdd76c8ceb6e9c46fc"

[[package]]
name = "bytemuck"
version = "1.23.0"
source = "registry+https://github.com/rust-lang/crates.io-index"
checksum = "9134a6ef01ce4b366b50689c94f82c14bc72bc5d0386829828a2e2752ef7958c"
dependencies = [
 "bytemuck_derive",
]

[[package]]
name = "bytemuck_derive"
version = "1.9.3"
source = "registry+https://github.com/rust-lang/crates.io-index"
checksum = "7ecc273b49b3205b83d648f0690daa588925572cc5063745bfe547fe7ec8e1a1"
dependencies = [
 "proc-macro2",
 "quote",
 "syn",
]

[[package]]
name = "chlorine"
version = "1.0.13"
source = "registry+https://github.com/rust-lang/crates.io-index"
checksum = "c00d31b1d19317b4777ec879192d3745bd97d05262b4b19cb1dda284b9d22f19"

[[package]]
name = "fast-srgb8"
version = "1.0.0"
source = "registry+https://github.com/rust-lang/crates.io-index"
checksum = "dd2e7510819d6fbf51a5545c8f922716ecfb14df168a3242f7d33e0239efe6a1"

[[package]]
name = "fermium"
version = "22605.0.0"
source = "registry+https://github.com/rust-lang/crates.io-index"
checksum = "0c600c8c2396ad4229ce7c79dcac0cbe1be5fad1dc61b639573cbddeaed1a661"
dependencies = [
 "bool32",
]

[[package]]
name = "gl33"
version = "0.2.1"
source = "registry+https://github.com/rust-lang/crates.io-index"
checksum = "29b2b7ada5ed872363f5d27e54e7cae69148cb5e4d05aa3cac1a40c30519bda3"
dependencies = [
 "chlorine",
]

[[package]]
name = "imagine"
version = "0.5.1"
source = "registry+https://github.com/rust-lang/crates.io-index"
checksum = "bf85c15d4d94c8010e148170c2d858df56e1c1a333ce18f4e6cbee568839401f"
dependencies = [
 "bitfrob",
 "bytemuck",
 "miniz_oxide",
 "pack1",
 "pixel_formats",
 "png_filters",
]

[[package]]
name = "libc"
version = "0.2.172"
source = "registry+https://github.com/rust-lang/crates.io-index"
checksum = "d750af042f7ef4f724306de029d18836c26c1765a54a6a3f094cbd23a7267ffa"

[[package]]
name = "malloc_buf"
version = "0.0.6"
source = "registry+https://github.com/rust-lang/crates.io-index"
checksum = "62bb907fe88d54d8d9ce32a3cceab4218ed2f6b7d35617cafe9adf84e43919cb"
dependencies = [
 "libc",
]

[[package]]
name = "miniz_oxide"
version = "0.7.4"
source = "registry+https://github.com/rust-lang/crates.io-index"
checksum = "b8a240ddb74feaf34a79a7add65a741f3167852fba007066dcac1ca548d89c08"
dependencies = [
 "adler",
]

[[package]]
name = "objc"
version = "0.2.7"
source = "registry+https://github.com/rust-lang/crates.io-index"
checksum = "915b1b472bc21c53464d6c8461c9d3af805ba1ef837e1cac254428f4a77177b1"
dependencies = [
 "malloc_buf",
]

[[package]]
name = "open_gl"
version = "0.1.0"
dependencies = [
 "beryllium",
 "bytemuck",
 "gl33",
 "imagine",
]

[[package]]
name = "pack1"
version = "0.1.1"
source = "registry+https://github.com/rust-lang/crates.io-index"
checksum = "5568af3dc8bdfbb04aa225e703b1aa44f2e6c61b54b3173521687e32e96628ef"
dependencies = [
 "bytemuck",
]

[[package]]
name = "pixel_formats"
version = "0.1.5"
source = "registry+https://github.com/rust-lang/crates.io-index"
checksum = "78312b2e968960ded35c4e5f6ef6b00ec47dcb254f3abb725b1d08c6d44198fd"
dependencies = [
 "bitfrob",
 "bytemuck",
 "fast-srgb8",
]

[[package]]
name = "png_filters"
version = "0.1.2"
source = "registry+https://github.com/rust-lang/crates.io-index"
checksum = "bdad86b89bada24e69d5fdc7626519a32a23f08f48a4ca229db06a1624c5ddd0"

[[package]]
name = "proc-macro2"
version = "1.0.95"
source = "registry+https://github.com/rust-lang/crates.io-index"
checksum = "02b3e5e68a3a1a02aad3ec490a98007cbc13c37cbe84a3cd7b8e406d76e7f778"
dependencies = [
 "unicode-ident",
]

[[package]]
name = "ptr_iter"
version = "0.1.1"
source = "registry+https://github.com/rust-lang/crates.io-index"
checksum = "331cd2c60ff9d3f52f319b935028b91be5fadb93ca413f408747d91dca3aff28"

[[package]]
name = "quote"
version = "1.0.40"
source = "registry+https://github.com/rust-lang/crates.io-index"
checksum = "1885c039570dc00dcb4ff087a89e185fd56bae234ddc7f056a945bf36467248d"
dependencies = [
 "proc-macro2",
]

[[package]]
name = "syn"
version = "2.0.101"
source = "registry+https://github.com/rust-lang/crates.io-index"
checksum = "8ce2b7fc941b3a24138a0a7cf8e858bfc6a992e7978a068a5c760deb0ed43caf"
dependencies = [
 "proc-macro2",
 "quote",
 "unicode-ident",
]

[[package]]
name = "unicode-ident"
version = "1.0.18"
source = "registry+https://github.com/rust-lang/crates.io-index"
checksum = "5a5f39404a5da50712a4c1eecf25e90dd62b613502b7e925fd4e4d19b5c96512"

[[package]]
name = "zstring"
version = "0.2.4"
source = "registry+https://github.com/rust-lang/crates.io-index"
checksum = "2d64ee5f783fceb29945c98a527108dc9f940fc6c339337f6f939f325e25bc68"
dependencies = [
 "ptr_iter",
]
